
Microsoft Visual Studio Solution File, Format Version 12.00
# Visual Studio Version 16
VisualStudioVersion = 16.0.34031.81
MinimumVisualStudioVersion = 10.0.40219.1
Project("{FAE04EC0-301F-11D3-BF4B-00C04F79EFBC}") = "Lap01", "Lap01\Lap01.csproj", "{3BD9BEB5-1DC5-46C6-9B25-ED8BCA907068}"
EndProject
Global
	GlobalSection(SolutionConfigurationPlatforms) = preSolution
		Debug|Any CPU = Debug|Any CPU
		Release|Any CPU = Release|Any CPU
	EndGlobalSection
	GlobalSection(ProjectConfigurationPlatforms) = postSolution
		{3BD9BEB5-1DC5-46C6-9B25-ED8BCA907068}.Debug|Any CPU.ActiveCfg = Debug|Any CPU
		{3BD9BEB5-1DC5-46C6-9B25-ED8BCA907068}.Debug|Any CPU.Build.0 = Debug|Any CPU
		{3BD9BEB5-1DC5-46C6-9B25-ED8BCA907068}.Release|Any CPU.ActiveCfg = Release|Any CPU
		{3BD9BEB5-1DC5-46C6-9B25-ED8BCA907068}.Release|Any CPU.Build.0 = Release|Any CPU
	EndGlobalSection
	GlobalSection(SolutionProperties) = preSolution
		HideSolutionNode = FALSE
	EndGlobalSection
	GlobalSection(ExtensibilityGlobals) = postSolution
		SolutionGuid = {D76901AE-F2B0-4CC7-BF76-1B74C64FD947}
	EndGlobalSection
EndGlobal
